PODS:
  - Alamofire (5.6.4)
  - IQKeyboardManagerSwift (6.5.11)
  - Kingfisher (7.6.2)
  - MBCircularProgressBar (0.3.5)
  - SkeletonView (1.30.4)
  - SwiftyJSON (4.3.0)

DEPENDENCIES:
  - Alamofire (~> 5.0)
  - IQKeyboardManagerSwift
  - Kingfisher (~> 7.0)
  - MBCircularProgressBar (~> 0.3)
  - SkeletonView
  - SwiftyJSON (~> 4.0)

SPEC REPOS:
  trunk:
    - Alamofire
    - IQKeyboardManagerSwift
    - Kingfisher
    - MBCircularProgressBar
    - SkeletonView
    - SwiftyJSON

SPEC CHECKSUMS:
  Alamofire: 4e95d97098eacb88856099c4fc79b526a299e48c
  IQKeyboardManagerSwift: c7955c0bdbf7b2eb29bb7daaa44e3d90f55a9a85
  Kingfisher: 6c5449c6450c5239166510ba04afe374a98afc4f
  MBCircularProgressBar: 0b795b722a5eb5b0923822f90474e2576a1a7855
  SkeletonView: 5a050f6411e697abd4cda0a8d767013399dccd69
  SwiftyJSON: 6faa0040f8b59dead0ee07436cbf76b73c08fd08

PODFILE CHECKSUM: 2d98369f50758416af53af4f29b3bb23f7c4d7f1

COCOAPODS: 1.12.1
