// !$*UTF8*$!
{
	archiveVersion = 1;
	classes = {
	};
	objectVersion = 56;
	objects = {

/* Begin PBXBuildFile section */
		5C078D1A29EBD987006F04EE /* EventsBG.swift in Sources */ = {isa = PBXBuildFile; fileRef = 5C078D1929EBD987006F04EE /* EventsBG.swift */; };
		5C32135829ED49FA00413604 /* SecondPageViewController.swift in Sources */ = {isa = PBXBuildFile; fileRef = 5C32135729ED49FA00413604 /* SecondPageViewController.swift */; };
		5C32135A29ED4BEE00413604 /* AdBannerTableViewCell.swift in Sources */ = {isa = PBXBuildFile; fileRef = 5C32135929ED4BEE00413604 /* AdBannerTableViewCell.swift */; };
		5C3A19D729F9112600341F12 /* FeaturedEventsDetailedViewController.swift in Sources */ = {isa = PBXBuildFile; fileRef = 5C3A19D629F9112600341F12 /* FeaturedEventsDetailedViewController.swift */; };
		5C6095E929EFB037000CA4ED /* FeaturedEventsTableViewCell.swift in Sources */ = {isa = PBXBuildFile; fileRef = 5C6095E829EFB037000CA4ED /* FeaturedEventsTableViewCell.swift */; };
		5C6C290E29E524B700441705 /* AppDelegate.swift in Sources */ = {isa = PBXBuildFile; fileRef = 5C6C290D29E524B700441705 /* AppDelegate.swift */; };
		5C6C291029E524B700441705 /* SceneDelegate.swift in Sources */ = {isa = PBXBuildFile; fileRef = 5C6C290F29E524B700441705 /* SceneDelegate.swift */; };
		5C6C291229E524B700441705 /* FirstScreen.swift in Sources */ = {isa = PBXBuildFile; fileRef = 5C6C291129E524B700441705 /* FirstScreen.swift */; };
		5C6C291729E524B900441705 /* Assets.xcassets in Resources */ = {isa = PBXBuildFile; fileRef = 5C6C291629E524B900441705 /* Assets.xcassets */; };
		5C6C291A29E524B900441705 /* LaunchScreen.storyboard in Resources */ = {isa = PBXBuildFile; fileRef = 5C6C291829E524B900441705 /* LaunchScreen.storyboard */; };
		5C6C292929E54F4100441705 /* TotalBalance.swift in Sources */ = {isa = PBXBuildFile; fileRef = 5C6C292829E54F4000441705 /* TotalBalance.swift */; };
		5C6C292B29E5539100441705 /* BG.swift in Sources */ = {isa = PBXBuildFile; fileRef = 5C6C292A29E5539100441705 /* BG.swift */; };
		5C6C292D29E5595600441705 /* EventView.swift in Sources */ = {isa = PBXBuildFile; fileRef = 5C6C292C29E5595600441705 /* EventView.swift */; };
		5C6C292F29E5598200441705 /* SwiftUIView.swift in Sources */ = {isa = PBXBuildFile; fileRef = 5C6C292E29E5598200441705 /* SwiftUIView.swift */; };
		5C6C293129E5739F00441705 /* ContactView.swift in Sources */ = {isa = PBXBuildFile; fileRef = 5C6C293029E5739F00441705 /* ContactView.swift */; };
		5C6C293329E575B400441705 /* SubmitView.swift in Sources */ = {isa = PBXBuildFile; fileRef = 5C6C293229E575B400441705 /* SubmitView.swift */; };
		5C7E74D929EE62690085B610 /* UpcomingEventsTableViewCell.swift in Sources */ = {isa = PBXBuildFile; fileRef = 5C7E74D829EE62690085B610 /* UpcomingEventsTableViewCell.swift */; };
		5C94782929F8178F003C214C /* BottomSheetViewController.swift in Sources */ = {isa = PBXBuildFile; fileRef = 5C94782829F8178F003C214C /* BottomSheetViewController.swift */; };
		5CC0766129E664D900B7E7AD /* TicketSummaryVIew.swift in Sources */ = {isa = PBXBuildFile; fileRef = 5CC0766029E664D900B7E7AD /* TicketSummaryVIew.swift */; };
		5CC6B6F029F0F10500FEA28C /* NewEventsTableViewCell.swift in Sources */ = {isa = PBXBuildFile; fileRef = 5CC6B6EF29F0F10500FEA28C /* NewEventsTableViewCell.swift */; };
		5CC6B6F229F1319400FEA28C /* ArtistsTableViewCell.swift in Sources */ = {isa = PBXBuildFile; fileRef = 5CC6B6F129F1319400FEA28C /* ArtistsTableViewCell.swift */; };
		5CC9A24829E7B8B5007F3AB4 /* TicketSummaryPresenter.swift in Sources */ = {isa = PBXBuildFile; fileRef = 5CC9A24729E7B8B5007F3AB4 /* TicketSummaryPresenter.swift */; };
		5CC9A24A29E7FBF4007F3AB4 /* EventsModel.swift in Sources */ = {isa = PBXBuildFile; fileRef = 5CC9A24929E7FBF4007F3AB4 /* EventsModel.swift */; };
		5CC9A24C29E7FCCD007F3AB4 /* EventsBookingPresenter.swift in Sources */ = {isa = PBXBuildFile; fileRef = 5CC9A24B29E7FCCD007F3AB4 /* EventsBookingPresenter.swift */; };
		5CCA7EE229E66F590049C143 /* TicketSummaryModel.swift in Sources */ = {isa = PBXBuildFile; fileRef = 5CCA7EE129E66F590049C143 /* TicketSummaryModel.swift */; };
		5CCE8B0329F5126600B33E42 /* EventsPresenter.swift in Sources */ = {isa = PBXBuildFile; fileRef = 5CCE8B0229F5126600B33E42 /* EventsPresenter.swift */; };
		5CD0495429F7B2AC00FD3173 /* UpcomingEventsModel.swift in Sources */ = {isa = PBXBuildFile; fileRef = 5CD0495329F7B2AC00FD3173 /* UpcomingEventsModel.swift */; };
		5CD0495629F7B31900FD3173 /* UpcomingEventsPresenter.swift in Sources */ = {isa = PBXBuildFile; fileRef = 5CD0495529F7B31900FD3173 /* UpcomingEventsPresenter.swift */; };
		5CF1857F29F5047700EA7BC4 /* EventsDataModel.swift in Sources */ = {isa = PBXBuildFile; fileRef = 5CF1857E29F5047700EA7BC4 /* EventsDataModel.swift */; };
		EFBD2A4A0547BA1FF32BB510 /* Pods_esewaEvents.framework in Frameworks */ = {isa = PBXBuildFile; fileRef = F8B0269ECB4A890CA9C61C1A /* Pods_esewaEvents.framework */; };
/* End PBXBuildFile section */

/* Begin PBXFileReference section */
		1A420D11FCB5DECE83F4812E /* Pods-esewaEvents.debug.xcconfig */ = {isa = PBXFileReference; includeInIndex = 1; lastKnownFileType = text.xcconfig; name = "Pods-esewaEvents.debug.xcconfig"; path = "Target Support Files/Pods-esewaEvents/Pods-esewaEvents.debug.xcconfig"; sourceTree = "<group>"; };
		5C078D1929EBD987006F04EE /* EventsBG.swift */ = {isa = PBXFileReference; lastKnownFileType = sourcecode.swift; path = EventsBG.swift; sourceTree = "<group>"; };
		5C32135729ED49FA00413604 /* SecondPageViewController.swift */ = {isa = PBXFileReference; lastKnownFileType = sourcecode.swift; path = SecondPageViewController.swift; sourceTree = "<group>"; };
		5C32135929ED4BEE00413604 /* AdBannerTableViewCell.swift */ = {isa = PBXFileReference; lastKnownFileType = sourcecode.swift; path = AdBannerTableViewCell.swift; sourceTree = "<group>"; };
		5C3A19D629F9112600341F12 /* FeaturedEventsDetailedViewController.swift */ = {isa = PBXFileReference; lastKnownFileType = sourcecode.swift; path = FeaturedEventsDetailedViewController.swift; sourceTree = "<group>"; };
		5C6095E829EFB037000CA4ED /* FeaturedEventsTableViewCell.swift */ = {isa = PBXFileReference; lastKnownFileType = sourcecode.swift; path = FeaturedEventsTableViewCell.swift; sourceTree = "<group>"; };
		5C6C290A29E524B700441705 /* esewaEvents.app */ = {isa = PBXFileReference; explicitFileType = wrapper.application; includeInIndex = 0; path = esewaEvents.app; sourceTree = BUILT_PRODUCTS_DIR; };
		5C6C290D29E524B700441705 /* AppDelegate.swift */ = {isa = PBXFileReference; lastKnownFileType = sourcecode.swift; path = AppDelegate.swift; sourceTree = "<group>"; };
		5C6C290F29E524B700441705 /* SceneDelegate.swift */ = {isa = PBXFileReference; lastKnownFileType = sourcecode.swift; path = SceneDelegate.swift; sourceTree = "<group>"; };
		5C6C291129E524B700441705 /* FirstScreen.swift */ = {isa = PBXFileReference; lastKnownFileType = sourcecode.swift; path = FirstScreen.swift; sourceTree = "<group>"; };
		5C6C291629E524B900441705 /* Assets.xcassets */ = {isa = PBXFileReference; lastKnownFileType = folder.assetcatalog; path = Assets.xcassets; sourceTree = "<group>"; };
		5C6C291929E524B900441705 /* Base */ = {isa = PBXFileReference; lastKnownFileType = file.storyboard; name = Base; path = Base.lproj/LaunchScreen.storyboard; sourceTree = "<group>"; };
		5C6C291B29E524B900441705 /* Info.plist */ = {isa = PBXFileReference; lastKnownFileType = text.plist.xml; path = Info.plist; sourceTree = "<group>"; };
		5C6C292829E54F4000441705 /* TotalBalance.swift */ = {isa = PBXFileReference; lastKnownFileType = sourcecode.swift; path = TotalBalance.swift; sourceTree = "<group>"; };
		5C6C292A29E5539100441705 /* BG.swift */ = {isa = PBXFileReference; lastKnownFileType = sourcecode.swift; path = BG.swift; sourceTree = "<group>"; };
		5C6C292C29E5595600441705 /* EventView.swift */ = {isa = PBXFileReference; lastKnownFileType = sourcecode.swift; path = EventView.swift; sourceTree = "<group>"; };
		5C6C292E29E5598200441705 /* SwiftUIView.swift */ = {isa = PBXFileReference; lastKnownFileType = sourcecode.swift; path = SwiftUIView.swift; sourceTree = "<group>"; };
		5C6C293029E5739F00441705 /* ContactView.swift */ = {isa = PBXFileReference; lastKnownFileType = sourcecode.swift; path = ContactView.swift; sourceTree = "<group>"; };
		5C6C293229E575B400441705 /* SubmitView.swift */ = {isa = PBXFileReference; lastKnownFileType = sourcecode.swift; path = SubmitView.swift; sourceTree = "<group>"; };
		5C7E74D829EE62690085B610 /* UpcomingEventsTableViewCell.swift */ = {isa = PBXFileReference; lastKnownFileType = sourcecode.swift; path = UpcomingEventsTableViewCell.swift; sourceTree = "<group>"; };
		5C94782829F8178F003C214C /* BottomSheetViewController.swift */ = {isa = PBXFileReference; lastKnownFileType = sourcecode.swift; path = BottomSheetViewController.swift; sourceTree = "<group>"; };
		5CC0766029E664D900B7E7AD /* TicketSummaryVIew.swift */ = {isa = PBXFileReference; lastKnownFileType = sourcecode.swift; path = TicketSummaryVIew.swift; sourceTree = "<group>"; };
		5CC6B6EF29F0F10500FEA28C /* NewEventsTableViewCell.swift */ = {isa = PBXFileReference; lastKnownFileType = sourcecode.swift; path = NewEventsTableViewCell.swift; sourceTree = "<group>"; };
		5CC6B6F129F1319400FEA28C /* ArtistsTableViewCell.swift */ = {isa = PBXFileReference; lastKnownFileType = sourcecode.swift; path = ArtistsTableViewCell.swift; sourceTree = "<group>"; };
		5CC9A24729E7B8B5007F3AB4 /* TicketSummaryPresenter.swift */ = {isa = PBXFileReference; lastKnownFileType = sourcecode.swift; path = TicketSummaryPresenter.swift; sourceTree = "<group>"; };
		5CC9A24929E7FBF4007F3AB4 /* EventsModel.swift */ = {isa = PBXFileReference; lastKnownFileType = sourcecode.swift; path = EventsModel.swift; sourceTree = "<group>"; };
		5CC9A24B29E7FCCD007F3AB4 /* EventsBookingPresenter.swift */ = {isa = PBXFileReference; lastKnownFileType = sourcecode.swift; path = EventsBookingPresenter.swift; sourceTree = "<group>"; };
		5CCA7EE129E66F590049C143 /* TicketSummaryModel.swift */ = {isa = PBXFileReference; lastKnownFileType = sourcecode.swift; path = TicketSummaryModel.swift; sourceTree = "<group>"; };
		5CCE8B0229F5126600B33E42 /* EventsPresenter.swift */ = {isa = PBXFileReference; lastKnownFileType = sourcecode.swift; path = EventsPresenter.swift; sourceTree = "<group>"; };
		5CD0495329F7B2AC00FD3173 /* UpcomingEventsModel.swift */ = {isa = PBXFileReference; lastKnownFileType = sourcecode.swift; path = UpcomingEventsModel.swift; sourceTree = "<group>"; };
		5CD0495529F7B31900FD3173 /* UpcomingEventsPresenter.swift */ = {isa = PBXFileReference; lastKnownFileType = sourcecode.swift; path = UpcomingEventsPresenter.swift; sourceTree = "<group>"; };
		5CF1857E29F5047700EA7BC4 /* EventsDataModel.swift */ = {isa = PBXFileReference; lastKnownFileType = sourcecode.swift; path = EventsDataModel.swift; sourceTree = "<group>"; };
		B3AAD01AFBF0F6DADF66AA0F /* Pods-esewaEvents.release.xcconfig */ = {isa = PBXFileReference; includeInIndex = 1; lastKnownFileType = text.xcconfig; name = "Pods-esewaEvents.release.xcconfig"; path = "Target Support Files/Pods-esewaEvents/Pods-esewaEvents.release.xcconfig"; sourceTree = "<group>"; };
		F8B0269ECB4A890CA9C61C1A /* Pods_esewaEvents.framework */ = {isa = PBXFileReference; explicitFileType = wrapper.framework; includeInIndex = 0; path = Pods_esewaEvents.framework; sourceTree = BUILT_PRODUCTS_DIR; };
/* End PBXFileReference section */

/* Begin PBXFrameworksBuildPhase section */
		5C6C290729E524B700441705 /* Frameworks */ = {
			isa = PBXFrameworksBuildPhase;
			buildActionMask = 2147483647;
			files = (
				EFBD2A4A0547BA1FF32BB510 /* Pods_esewaEvents.framework in Frameworks */,
			);
			runOnlyForDeploymentPostprocessing = 0;
		};
/* End PBXFrameworksBuildPhase section */

/* Begin PBXGroup section */
		1E404DB5C528CCE0281E8F6A /* Frameworks */ = {
			isa = PBXGroup;
			children = (
				F8B0269ECB4A890CA9C61C1A /* Pods_esewaEvents.framework */,
			);
			name = Frameworks;
			sourceTree = "<group>";
		};
		5C078D1529EBAB44006F04EE /* Events */ = {
			isa = PBXGroup;
			children = (
				5C078D1629EBC8C7006F04EE /* View */,
				5C078D1729EBC8D7006F04EE /* Model */,
				5C078D1829EBC8E0006F04EE /* Presenter */,
			);
			path = Events;
			sourceTree = "<group>";
		};
		5C078D1629EBC8C7006F04EE /* View */ = {
			isa = PBXGroup;
			children = (
				5C078D1929EBD987006F04EE /* EventsBG.swift */,
				5C32135729ED49FA00413604 /* SecondPageViewController.swift */,
				5C94782829F8178F003C214C /* BottomSheetViewController.swift */,
				5C7E74D829EE62690085B610 /* UpcomingEventsTableViewCell.swift */,
				5C3A19D629F9112600341F12 /* FeaturedEventsDetailedViewController.swift */,
				5C6095E829EFB037000CA4ED /* FeaturedEventsTableViewCell.swift */,
				5C32135929ED4BEE00413604 /* AdBannerTableViewCell.swift */,
				5CC6B6EF29F0F10500FEA28C /* NewEventsTableViewCell.swift */,
				5CC6B6F129F1319400FEA28C /* ArtistsTableViewCell.swift */,
			);
			path = View;
			sourceTree = "<group>";
		};
		5C078D1729EBC8D7006F04EE /* Model */ = {
			isa = PBXGroup;
			children = (
				5CF1857E29F5047700EA7BC4 /* EventsDataModel.swift */,
				5CD0495329F7B2AC00FD3173 /* UpcomingEventsModel.swift */,
			);
			path = Model;
			sourceTree = "<group>";
		};
		5C078D1829EBC8E0006F04EE /* Presenter */ = {
			isa = PBXGroup;
			children = (
				5CCE8B0229F5126600B33E42 /* EventsPresenter.swift */,
				5CD0495529F7B31900FD3173 /* UpcomingEventsPresenter.swift */,
			);
			path = Presenter;
			sourceTree = "<group>";
		};
		5C6C290129E524B700441705 = {
			isa = PBXGroup;
			children = (
				5C6C290C29E524B700441705 /* esewaEvents */,
				5C6C290B29E524B700441705 /* Products */,
				F1C1C3CAAB94FA42D57EEB58 /* Pods */,
				1E404DB5C528CCE0281E8F6A /* Frameworks */,
			);
			sourceTree = "<group>";
		};
		5C6C290B29E524B700441705 /* Products */ = {
			isa = PBXGroup;
			children = (
				5C6C290A29E524B700441705 /* esewaEvents.app */,
			);
			name = Products;
			sourceTree = "<group>";
		};
		5C6C290C29E524B700441705 /* esewaEvents */ = {
			isa = PBXGroup;
			children = (
				5CC9A24D29E8263C007F3AB4 /* EventBooking */,
				5C078D1529EBAB44006F04EE /* Events */,
				5C6C290D29E524B700441705 /* AppDelegate.swift */,
				5C6C290F29E524B700441705 /* SceneDelegate.swift */,
				5C6C292E29E5598200441705 /* SwiftUIView.swift */,
				5C6C291629E524B900441705 /* Assets.xcassets */,
				5C6C291829E524B900441705 /* LaunchScreen.storyboard */,
				5C6C291B29E524B900441705 /* Info.plist */,
			);
			path = esewaEvents;
			sourceTree = "<group>";
		};
		5C6C292529E5329B00441705 /* View */ = {
			isa = PBXGroup;
			children = (
				5C6C291129E524B700441705 /* FirstScreen.swift */,
				5C6C292A29E5539100441705 /* BG.swift */,
				5C6C292C29E5595600441705 /* EventView.swift */,
				5C6C293029E5739F00441705 /* ContactView.swift */,
				5CC0766029E664D900B7E7AD /* TicketSummaryVIew.swift */,
				5C6C292829E54F4000441705 /* TotalBalance.swift */,
				5C6C293229E575B400441705 /* SubmitView.swift */,
			);
			path = View;
			sourceTree = "<group>";
		};
		5CC9A24629E7B7F6007F3AB4 /* Presenter */ = {
			isa = PBXGroup;
			children = (
				5CC9A24729E7B8B5007F3AB4 /* TicketSummaryPresenter.swift */,
				5CC9A24B29E7FCCD007F3AB4 /* EventsBookingPresenter.swift */,
			);
			path = Presenter;
			sourceTree = "<group>";
		};
		5CC9A24D29E8263C007F3AB4 /* EventBooking */ = {
			isa = PBXGroup;
			children = (
				5C6C292529E5329B00441705 /* View */,
				5CCA7EE029E66F2E0049C143 /* Model */,
				5CC9A24629E7B7F6007F3AB4 /* Presenter */,
			);
			path = EventBooking;
			sourceTree = "<group>";
		};
		5CCA7EE029E66F2E0049C143 /* Model */ = {
			isa = PBXGroup;
			children = (
				5CCA7EE129E66F590049C143 /* TicketSummaryModel.swift */,
				5CC9A24929E7FBF4007F3AB4 /* EventsModel.swift */,
			);
			path = Model;
			sourceTree = "<group>";
		};
		F1C1C3CAAB94FA42D57EEB58 /* Pods */ = {
			isa = PBXGroup;
			children = (
				1A420D11FCB5DECE83F4812E /* Pods-esewaEvents.debug.xcconfig */,
				B3AAD01AFBF0F6DADF66AA0F /* Pods-esewaEvents.release.xcconfig */,
			);
			path = Pods;
			sourceTree = "<group>";
		};
/* End PBXGroup section */

/* Begin PBXNativeTarget section */
		5C6C290929E524B700441705 /* esewaEvents */ = {
			isa = PBXNativeTarget;
			buildConfigurationList = 5C6C291E29E524B900441705 /* Build configuration list for PBXNativeTarget "esewaEvents" */;
			buildPhases = (
				F8B33DC8AFE0BA798F8ADA6C /* [CP] Check Pods Manifest.lock */,
				5C6C290629E524B700441705 /* Sources */,
				5C6C290729E524B700441705 /* Frameworks */,
				5C6C290829E524B700441705 /* Resources */,
				A87377240E187731F8E66035 /* [CP] Embed Pods Frameworks */,
			);
			buildRules = (
			);
			dependencies = (
			);
			name = esewaEvents;
			productName = esewaEvents;
			productReference = 5C6C290A29E524B700441705 /* esewaEvents.app */;
			productType = "com.apple.product-type.application";
		};
/* End PBXNativeTarget section */

/* Begin PBXProject section */
		5C6C290229E524B700441705 /* Project object */ = {
			isa = PBXProject;
			attributes = {
				BuildIndependentTargetsInParallel = 1;
				LastSwiftUpdateCheck = 1400;
				LastUpgradeCheck = 1400;
				TargetAttributes = {
					5C6C290929E524B700441705 = {
						CreatedOnToolsVersion = 14.0.1;
					};
				};
			};
			buildConfigurationList = 5C6C290529E524B700441705 /* Build configuration list for PBXProject "esewaEvents" */;
			compatibilityVersion = "Xcode 14.0";
			developmentRegion = en;
			hasScannedForEncodings = 0;
			knownRegions = (
				en,
				Base,
			);
			mainGroup = 5C6C290129E524B700441705;
			productRefGroup = 5C6C290B29E524B700441705 /* Products */;
			projectDirPath = "";
			projectRoot = "";
			targets = (
				5C6C290929E524B700441705 /* esewaEvents */,
			);
		};
/* End PBXProject section */

/* Begin PBXResourcesBuildPhase section */
		5C6C290829E524B700441705 /* Resources */ = {
			isa = PBXResourcesBuildPhase;
			buildActionMask = 2147483647;
			files = (
				5C6C291A29E524B900441705 /* LaunchScreen.storyboard in Resources */,
				5C6C291729E524B900441705 /* Assets.xcassets in Resources */,
			);
			runOnlyForDeploymentPostprocessing = 0;
		};
/* End PBXResourcesBuildPhase section */

/* Begin PBXShellScriptBuildPhase section */
		A87377240E187731F8E66035 /* [CP] Embed Pods Frameworks */ = {
			isa = PBXShellScriptBuildPhase;
			buildActionMask = 2147483647;
			files = (
			);
			inputFileListPaths = (
				"${PODS_ROOT}/Target Support Files/Pods-esewaEvents/Pods-esewaEvents-frameworks-${CONFIGURATION}-input-files.xcfilelist",
			);
			name = "[CP] Embed Pods Frameworks";
			outputFileListPaths = (
				"${PODS_ROOT}/Target Support Files/Pods-esewaEvents/Pods-esewaEvents-frameworks-${CONFIGURATION}-output-files.xcfilelist",
			);
			runOnlyForDeploymentPostprocessing = 0;
			shellPath = /bin/sh;
			shellScript = "\"${PODS_ROOT}/Target Support Files/Pods-esewaEvents/Pods-esewaEvents-frameworks.sh\"\n";
			showEnvVarsInLog = 0;
		};
		F8B33DC8AFE0BA798F8ADA6C /* [CP] Check Pods Manifest.lock */ = {
			isa = PBXShellScriptBuildPhase;
			buildActionMask = 2147483647;
			files = (
			);
			inputFileListPaths = (
			);
			inputPaths = (
				"${PODS_PODFILE_DIR_PATH}/Podfile.lock",
				"${PODS_ROOT}/Manifest.lock",
			);
			name = "[CP] Check Pods Manifest.lock";
			outputFileListPaths = (
			);
			outputPaths = (
				"$(DERIVED_FILE_DIR)/Pods-esewaEvents-checkManifestLockResult.txt",
			);
			runOnlyForDeploymentPostprocessing = 0;
			shellPath = /bin/sh;
			shellScript = "diff \"${PODS_PODFILE_DIR_PATH}/Podfile.lock\" \"${PODS_ROOT}/Manifest.lock\" > /dev/null\nif [ $? != 0 ] ; then\n    # print error to STDERR\n    echo \"error: The sandbox is not in sync with the Podfile.lock. Run 'pod install' or update your CocoaPods installation.\" >&2\n    exit 1\nfi\n# This output is used by Xcode 'outputs' to avoid re-running this script phase.\necho \"SUCCESS\" > \"${SCRIPT_OUTPUT_FILE_0}\"\n";
			showEnvVarsInLog = 0;
		};
/* End PBXShellScriptBuildPhase section */

/* Begin PBXSourcesBuildPhase section */
		5C6C290629E524B700441705 /* Sources */ = {
			isa = PBXSourcesBuildPhase;
			buildActionMask = 2147483647;
			files = (
				5C6C291229E524B700441705 /* FirstScreen.swift in Sources */,
				5C6C292D29E5595600441705 /* EventView.swift in Sources */,
				5CC9A24A29E7FBF4007F3AB4 /* EventsModel.swift in Sources */,
				5C32135829ED49FA00413604 /* SecondPageViewController.swift in Sources */,
				5CD0495429F7B2AC00FD3173 /* UpcomingEventsModel.swift in Sources */,
				5C32135A29ED4BEE00413604 /* AdBannerTableViewCell.swift in Sources */,
				5CD0495629F7B31900FD3173 /* UpcomingEventsPresenter.swift in Sources */,
				5C6C293329E575B400441705 /* SubmitView.swift in Sources */,
				5C6C292F29E5598200441705 /* SwiftUIView.swift in Sources */,
				5C3A19D729F9112600341F12 /* FeaturedEventsDetailedViewController.swift in Sources */,
				5C6C290E29E524B700441705 /* AppDelegate.swift in Sources */,
				5CC0766129E664D900B7E7AD /* TicketSummaryVIew.swift in Sources */,
				5CC6B6F029F0F10500FEA28C /* NewEventsTableViewCell.swift in Sources */,
				5CCA7EE229E66F590049C143 /* TicketSummaryModel.swift in Sources */,
				5C6095E929EFB037000CA4ED /* FeaturedEventsTableViewCell.swift in Sources */,
				5C6C293129E5739F00441705 /* ContactView.swift in Sources */,
				5C6C292B29E5539100441705 /* BG.swift in Sources */,
				5C7E74D929EE62690085B610 /* UpcomingEventsTableViewCell.swift in Sources */,
				5C6C291029E524B700441705 /* SceneDelegate.swift in Sources */,
				5CC9A24C29E7FCCD007F3AB4 /* EventsBookingPresenter.swift in Sources */,
				5CC6B6F229F1319400FEA28C /* ArtistsTableViewCell.swift in Sources */,
				5CF1857F29F5047700EA7BC4 /* EventsDataModel.swift in Sources */,
				5C078D1A29EBD987006F04EE /* EventsBG.swift in Sources */,
				5CC9A24829E7B8B5007F3AB4 /* TicketSummaryPresenter.swift in Sources */,
				5CCE8B0329F5126600B33E42 /* EventsPresenter.swift in Sources */,
				5C6C292929E54F4100441705 /* TotalBalance.swift in Sources */,
				5C94782929F8178F003C214C /* BottomSheetViewController.swift in Sources */,
			);
			runOnlyForDeploymentPostprocessing = 0;
		};
/* End PBXSourcesBuildPhase section */

/* Begin PBXVariantGroup section */
		5C6C291829E524B900441705 /* LaunchScreen.storyboard */ = {
			isa = PBXVariantGroup;
			children = (
				5C6C291929E524B900441705 /* Base */,
			);
			name = LaunchScreen.storyboard;
			sourceTree = "<group>";
		};
/* End PBXVariantGroup section */

/* Begin XCBuildConfiguration section */
		5C6C291C29E524B900441705 /* Debug */ = {
			isa = XCBuildConfiguration;
			buildSettings = {
				ALWAYS_SEARCH_USER_PATHS = NO;
				CLANG_ANALYZER_NONNULL = YES;
				CLANG_ANALYZER_NUMBER_OBJECT_CONVERSION = YES_AGGRESSIVE;
				CLANG_CXX_LANGUAGE_STANDARD = "gnu++20";
				CLANG_ENABLE_MODULES = YES;
				CLANG_ENABLE_OBJC_ARC = YES;
				CLANG_ENABLE_OBJC_WEAK = YES;
				CLANG_WARN_BLOCK_CAPTURE_AUTORELEASING = YES;
				CLANG_WARN_BOOL_CONVERSION = YES;
				CLANG_WARN_COMMA = YES;
				CLANG_WARN_CONSTANT_CONVERSION = YES;
				CLANG_WARN_DEPRECATED_OBJC_IMPLEMENTATIONS = YES;
				CLANG_WARN_DIRECT_OBJC_ISA_USAGE = YES_ERROR;
				CLANG_WARN_DOCUMENTATION_COMMENTS = YES;
				CLANG_WARN_EMPTY_BODY = YES;
				CLANG_WARN_ENUM_CONVERSION = YES;
				CLANG_WARN_INFINITE_RECURSION = YES;
				CLANG_WARN_INT_CONVERSION = YES;
				CLANG_WARN_NON_LITERAL_NULL_CONVERSION = YES;
				CLANG_WARN_OBJC_IMPLICIT_RETAIN_SELF = YES;
				CLANG_WARN_OBJC_LITERAL_CONVERSION = YES;
				CLANG_WARN_OBJC_ROOT_CLASS = YES_ERROR;
				CLANG_WARN_QUOTED_INCLUDE_IN_FRAMEWORK_HEADER = YES;
				CLANG_WARN_RANGE_LOOP_ANALYSIS = YES;
				CLANG_WARN_STRICT_PROTOTYPES = YES;
				CLANG_WARN_SUSPICIOUS_MOVE = YES;
				CLANG_WARN_UNGUARDED_AVAILABILITY = YES_AGGRESSIVE;
				CLANG_WARN_UNREACHABLE_CODE = YES;
				CLANG_WARN__DUPLICATE_METHOD_MATCH = YES;
				COPY_PHASE_STRIP = NO;
				DEBUG_INFORMATION_FORMAT = dwarf;
				ENABLE_STRICT_OBJC_MSGSEND = YES;
				ENABLE_TESTABILITY = YES;
				GCC_C_LANGUAGE_STANDARD = gnu11;
				GCC_DYNAMIC_NO_PIC = NO;
				GCC_NO_COMMON_BLOCKS = YES;
				GCC_OPTIMIZATION_LEVEL = 0;
				GCC_PREPROCESSOR_DEFINITIONS = (
					"DEBUG=1",
					"$(inherited)",
				);
				GCC_WARN_64_TO_32_BIT_CONVERSION = YES;
				GCC_WARN_ABOUT_RETURN_TYPE = YES_ERROR;
				GCC_WARN_UNDECLARED_SELECTOR = YES;
				GCC_WARN_UNINITIALIZED_AUTOS = YES_AGGRESSIVE;
				GCC_WARN_UNUSED_FUNCTION = YES;
				GCC_WARN_UNUSED_VARIABLE = YES;
				IPHONEOS_DEPLOYMENT_TARGET = 14.4;
				MTL_ENABLE_DEBUG_INFO = INCLUDE_SOURCE;
				MTL_FAST_MATH = YES;
				ONLY_ACTIVE_ARCH = YES;
				SDKROOT = iphoneos;
				SWIFT_ACTIVE_COMPILATION_CONDITIONS = DEBUG;
				SWIFT_OPTIMIZATION_LEVEL = "-Onone";
			};
			name = Debug;
		};
		5C6C291D29E524B900441705 /* Release */ = {
			isa = XCBuildConfiguration;
			buildSettings = {
				ALWAYS_SEARCH_USER_PATHS = NO;
				CLANG_ANALYZER_NONNULL = YES;
				CLANG_ANALYZER_NUMBER_OBJECT_CONVERSION = YES_AGGRESSIVE;
				CLANG_CXX_LANGUAGE_STANDARD = "gnu++20";
				CLANG_ENABLE_MODULES = YES;
				CLANG_ENABLE_OBJC_ARC = YES;
				CLANG_ENABLE_OBJC_WEAK = YES;
				CLANG_WARN_BLOCK_CAPTURE_AUTORELEASING = YES;
				CLANG_WARN_BOOL_CONVERSION = YES;
				CLANG_WARN_COMMA = YES;
				CLANG_WARN_CONSTANT_CONVERSION = YES;
				CLANG_WARN_DEPRECATED_OBJC_IMPLEMENTATIONS = YES;
				CLANG_WARN_DIRECT_OBJC_ISA_USAGE = YES_ERROR;
				CLANG_WARN_DOCUMENTATION_COMMENTS = YES;
				CLANG_WARN_EMPTY_BODY = YES;
				CLANG_WARN_ENUM_CONVERSION = YES;
				CLANG_WARN_INFINITE_RECURSION = YES;
				CLANG_WARN_INT_CONVERSION = YES;
				CLANG_WARN_NON_LITERAL_NULL_CONVERSION = YES;
				CLANG_WARN_OBJC_IMPLICIT_RETAIN_SELF = YES;
				CLANG_WARN_OBJC_LITERAL_CONVERSION = YES;
				CLANG_WARN_OBJC_ROOT_CLASS = YES_ERROR;
				CLANG_WARN_QUOTED_INCLUDE_IN_FRAMEWORK_HEADER = YES;
				CLANG_WARN_RANGE_LOOP_ANALYSIS = YES;
				CLANG_WARN_STRICT_PROTOTYPES = YES;
				CLANG_WARN_SUSPICIOUS_MOVE = YES;
				CLANG_WARN_UNGUARDED_AVAILABILITY = YES_AGGRESSIVE;
				CLANG_WARN_UNREACHABLE_CODE = YES;
				CLANG_WARN__DUPLICATE_METHOD_MATCH = YES;
				COPY_PHASE_STRIP = NO;
				DEBUG_INFORMATION_FORMAT = "dwarf-with-dsym";
				ENABLE_NS_ASSERTIONS = NO;
				ENABLE_STRICT_OBJC_MSGSEND = YES;
				GCC_C_LANGUAGE_STANDARD = gnu11;
				GCC_NO_COMMON_BLOCKS = YES;
				GCC_WARN_64_TO_32_BIT_CONVERSION = YES;
				GCC_WARN_ABOUT_RETURN_TYPE = YES_ERROR;
				GCC_WARN_UNDECLARED_SELECTOR = YES;
				GCC_WARN_UNINITIALIZED_AUTOS = YES_AGGRESSIVE;
				GCC_WARN_UNUSED_FUNCTION = YES;
				GCC_WARN_UNUSED_VARIABLE = YES;
				IPHONEOS_DEPLOYMENT_TARGET = 14.4;
				MTL_ENABLE_DEBUG_INFO = NO;
				MTL_FAST_MATH = YES;
				SDKROOT = iphoneos;
				SWIFT_COMPILATION_MODE = wholemodule;
				SWIFT_OPTIMIZATION_LEVEL = "-O";
				VALIDATE_PRODUCT = YES;
			};
			name = Release;
		};
		5C6C291F29E524B900441705 /* Debug */ = {
			isa = XCBuildConfiguration;
			baseConfigurationReference = 1A420D11FCB5DECE83F4812E /* Pods-esewaEvents.debug.xcconfig */;
			buildSettings = {
				ASSETCATALOG_COMPILER_APPICON_NAME = AppIcon;
				ASSETCATALOG_COMPILER_GLOBAL_ACCENT_COLOR_NAME = AccentColor;
				CODE_SIGN_STYLE = Automatic;
				CURRENT_PROJECT_VERSION = 1;
				DEVELOPMENT_TEAM = 4PMHC35WAT;
				GENERATE_INFOPLIST_FILE = YES;
				INFOPLIST_FILE = esewaEvents/Info.plist;
				INFOPLIST_KEY_UIApplicationSupportsIndirectInputEvents = YES;
				INFOPLIST_KEY_UILaunchStoryboardName = LaunchScreen;
				INFOPLIST_KEY_UISupportedInterfaceOrientations = "UIInterfaceOrientationLandscapeLeft UIInterfaceOrientationLandscapeRight UIInterfaceOrientationPortrait";
				INFOPLIST_KEY_UISupportedInterfaceOrientations_iPad = "UIInterfaceOrientationLandscapeLeft UIInterfaceOrientationLandscapeRight UIInterfaceOrientationPortrait UIInterfaceOrientationPortraitUpsideDown";
				IPHONEOS_DEPLOYMENT_TARGET = 15.1;
				LD_RUNPATH_SEARCH_PATHS = (
					"$(inherited)",
					"@executable_path/Frameworks",
				);
				MARKETING_VERSION = 1.0;
				PRODUCT_BUNDLE_IDENTIFIER = app1.esewaEvents;
				PRODUCT_NAME = "$(TARGET_NAME)";
				SUPPORTED_PLATFORMS = "iphoneos iphonesimulator";
				SUPPORTS_MACCATALYST = NO;
				SUPPORTS_MAC_DESIGNED_FOR_IPHONE_IPAD = NO;
				SWIFT_EMIT_LOC_STRINGS = YES;
				SWIFT_VERSION = 5.0;
				TARGETED_DEVICE_FAMILY = 1;
			};
			name = Debug;
		};
		5C6C292029E524B900441705 /* Release */ = {
			isa = XCBuildConfiguration;
			baseConfigurationReference = B3AAD01AFBF0F6DADF66AA0F /* Pods-esewaEvents.release.xcconfig */;
			buildSettings = {
				ASSETCATALOG_COMPILER_APPICON_NAME = AppIcon;
				ASSETCATALOG_COMPILER_GLOBAL_ACCENT_COLOR_NAME = AccentColor;
				CODE_SIGN_STYLE = Automatic;
				CURRENT_PROJECT_VERSION = 1;
				DEVELOPMENT_TEAM = 4PMHC35WAT;
				GENERATE_INFOPLIST_FILE = YES;
				INFOPLIST_FILE = esewaEvents/Info.plist;
				INFOPLIST_KEY_UIApplicationSupportsIndirectInputEvents = YES;
				INFOPLIST_KEY_UILaunchStoryboardName = LaunchScreen;
				INFOPLIST_KEY_UISupportedInterfaceOrientations = "UIInterfaceOrientationLandscapeLeft UIInterfaceOrientationLandscapeRight UIInterfaceOrientationPortrait";
				INFOPLIST_KEY_UISupportedInterfaceOrientations_iPad = "UIInterfaceOrientationLandscapeLeft UIInterfaceOrientationLandscapeRight UIInterfaceOrientationPortrait UIInterfaceOrientationPortraitUpsideDown";
				IPHONEOS_DEPLOYMENT_TARGET = 15.1;
				LD_RUNPATH_SEARCH_PATHS = (
					"$(inherited)",
					"@executable_path/Frameworks",
				);
				MARKETING_VERSION = 1.0;
				PRODUCT_BUNDLE_IDENTIFIER = app1.esewaEvents;
				PRODUCT_NAME = "$(TARGET_NAME)";
				SUPPORTED_PLATFORMS = "iphoneos iphonesimulator";
				SUPPORTS_MACCATALYST = NO;
				SUPPORTS_MAC_DESIGNED_FOR_IPHONE_IPAD = NO;
				SWIFT_EMIT_LOC_STRINGS = YES;
				SWIFT_VERSION = 5.0;
				TARGETED_DEVICE_FAMILY = 1;
			};
			name = Release;
		};
/* End XCBuildConfiguration section */

/* Begin XCConfigurationList section */
		5C6C290529E524B700441705 /* Build configuration list for PBXProject "esewaEvents" */ = {
			isa = XCConfigurationList;
			buildConfigurations = (
				5C6C291C29E524B900441705 /* Debug */,
				5C6C291D29E524B900441705 /* Release */,
			);
			defaultConfigurationIsVisible = 0;
			defaultConfigurationName = Release;
		};
		5C6C291E29E524B900441705 /* Build configuration list for PBXNativeTarget "esewaEvents" */ = {
			isa = XCConfigurationList;
			buildConfigurations = (
				5C6C291F29E524B900441705 /* Debug */,
				5C6C292029E524B900441705 /* Release */,
			);
			defaultConfigurationIsVisible = 0;
			defaultConfigurationName = Release;
		};
/* End XCConfigurationList section */
	};
	rootObject = 5C6C290229E524B700441705 /* Project object */;
}
